<Solution>
  <Folder Name="/src/">
    <Project Path="src/Shared.Crypto/Shared.Crypto.csproj" />
  </Folder>
  <Folder Name="/test/">
    <Project Path="test/Shared.Test.Utility/Shared.Test.Utility.csproj" />
  </Folder>
  <Folder Name="/test/unit/">
    <Project Path="test/unit/Shared.Test.Unit.Crypto/Shared.Test.Unit.Crypto.csproj" />
  </Folder>
</Solution>
